// !$*UTF8*$!
{
	archiveVersion = 1;
	classes = {
	};
	objectVersion = 55;
	objects = {

/* Begin PBXBuildFile section */
		91A2051727A05586009E9A6F /* AppDelegate.swift in Sources */ = {isa = PBXBuildFile; fileRef = 91A2051627A05586009E9A6F /* AppDelegate.swift */; };
		91A2051927A05586009E9A6F /* SceneDelegate.swift in Sources */ = {isa = PBXBuildFile; fileRef = 91A2051827A05586009E9A6F /* SceneDelegate.swift */; };
		91A2052027A05588009E9A6F /* Assets.xcassets in Resources */ = {isa = PBXBuildFile; fileRef = 91A2051F27A05588009E9A6F /* Assets.xcassets */; };
		91A2052327A05588009E9A6F /* LaunchScreen.storyboard in Resources */ = {isa = PBXBuildFile; fileRef = 91A2052127A05588009E9A6F /* LaunchScreen.storyboard */; };
		91A2052B27A05D63009E9A6F /* DriverSelectionVC.swift in Sources */ = {isa = PBXBuildFile; fileRef = 91A2052A27A05D63009E9A6F /* DriverSelectionVC.swift */; };
		91A2052D27A4EF87009E9A6F /* Driver.swift in Sources */ = {isa = PBXBuildFile; fileRef = 91A2052C27A4EF87009E9A6F /* Driver.swift */; };
		91A2052F27A4EF93009E9A6F /* Circuit.swift in Sources */ = {isa = PBXBuildFile; fileRef = 91A2052E27A4EF93009E9A6F /* Circuit.swift */; };
		91A2053127A4EFA4009E9A6F /* Result.swift in Sources */ = {isa = PBXBuildFile; fileRef = 91A2053027A4EFA4009E9A6F /* Result.swift */; };
		91A2053327A4F7E5009E9A6F /* DriverTableViewCell.swift in Sources */ = {isa = PBXBuildFile; fileRef = 91A2053227A4F7E5009E9A6F /* DriverTableViewCell.swift */; };
		91FAEA4A27ACEA4000C06290 /* DPTitleLabel.swift in Sources */ = {isa = PBXBuildFile; fileRef = 91FAEA4927ACEA4000C06290 /* DPTitleLabel.swift */; };
		91FAEA4C27ACEC5A00C06290 /* DPNumberLabel.swift in Sources */ = {isa = PBXBuildFile; fileRef = 91FAEA4B27ACEC5A00C06290 /* DPNumberLabel.swift */; };
		91FAEA4E27AE1D0900C06290 /* DriverData.swift in Sources */ = {isa = PBXBuildFile; fileRef = 91FAEA4D27AE1D0900C06290 /* DriverData.swift */; };
		91FAEA5027AE1FE400C06290 /* DriverNetworkManager.swift in Sources */ = {isa = PBXBuildFile; fileRef = 91FAEA4F27AE1FE400C06290 /* DriverNetworkManager.swift */; };
		91FAEA5227AECF2B00C06290 /* DPError.swift in Sources */ = {isa = PBXBuildFile; fileRef = 91FAEA5127AECF2B00C06290 /* DPError.swift */; };
		91FAEA5427AF9E8100C06290 /* YearSelectionVC.swift in Sources */ = {isa = PBXBuildFile; fileRef = 91FAEA5327AF9E8100C06290 /* YearSelectionVC.swift */; };
		91FAEA5827B0D1D400C06290 /* UIViewController+Ext.swift in Sources */ = {isa = PBXBuildFile; fileRef = 91FAEA5727B0D1D400C06290 /* UIViewController+Ext.swift */; };
		91FAEA5B27B71F1E00C06290 /* CircuitData.swift in Sources */ = {isa = PBXBuildFile; fileRef = 91FAEA5A27B71F1E00C06290 /* CircuitData.swift */; };
		91FAEA5D27B71F2B00C06290 /* CircuitNetworkManager.swift in Sources */ = {isa = PBXBuildFile; fileRef = 91FAEA5C27B71F2B00C06290 /* CircuitNetworkManager.swift */; };
		91FAEA5F27B727F600C06290 /* CircuitSelectionVC.swift in Sources */ = {isa = PBXBuildFile; fileRef = 91FAEA5E27B727F600C06290 /* CircuitSelectionVC.swift */; };
		91FAEA6127B733FB00C06290 /* CircuitTableViewCell.swift in Sources */ = {isa = PBXBuildFile; fileRef = 91FAEA6027B733FB00C06290 /* CircuitTableViewCell.swift */; };
		91FAEA6527B74C1400C06290 /* ResultData.swift in Sources */ = {isa = PBXBuildFile; fileRef = 91FAEA6427B74C1400C06290 /* ResultData.swift */; };
		91FAEA6727B74C2200C06290 /* ResultNetworkManager.swift in Sources */ = {isa = PBXBuildFile; fileRef = 91FAEA6627B74C2200C06290 /* ResultNetworkManager.swift */; };
		91FAEA6927B7505800C06290 /* ResultVC.swift in Sources */ = {isa = PBXBuildFile; fileRef = 91FAEA6827B7505800C06290 /* ResultVC.swift */; };
		91FAEA6B27C0B4CE00C06290 /* ResultTableViewCell.swift in Sources */ = {isa = PBXBuildFile; fileRef = 91FAEA6A27C0B4CE00C06290 /* ResultTableViewCell.swift */; };
		91FAEA6D27C2D6FB00C06290 /* DPSubTitleLabel.swift in Sources */ = {isa = PBXBuildFile; fileRef = 91FAEA6C27C2D6FA00C06290 /* DPSubTitleLabel.swift */; };
		91FAEA6F27C3228400C06290 /* ResultInfoView.swift in Sources */ = {isa = PBXBuildFile; fileRef = 91FAEA6E27C3228300C06290 /* ResultInfoView.swift */; };
		91FAEA7127C439D100C06290 /* PodiumVStackView.swift in Sources */ = {isa = PBXBuildFile; fileRef = 91FAEA7027C439D100C06290 /* PodiumVStackView.swift */; };
		91FAEA7327C4437400C06290 /* PodiumHStackView.swift in Sources */ = {isa = PBXBuildFile; fileRef = 91FAEA7227C4437400C06290 /* PodiumHStackView.swift */; };
		91FAEA7727C4593400C06290 /* DriverResultData.swift in Sources */ = {isa = PBXBuildFile; fileRef = 91FAEA7627C4593400C06290 /* DriverResultData.swift */; };
		91FAEA7927C4A04C00C06290 /* ResultAverageStackView.swift in Sources */ = {isa = PBXBuildFile; fileRef = 91FAEA7827C4A04C00C06290 /* ResultAverageStackView.swift */; };
		91FAEA7B27CC501F00C06290 /* UIView+Ext.swift in Sources */ = {isa = PBXBuildFile; fileRef = 91FAEA7A27CC501F00C06290 /* UIView+Ext.swift */; };
		91FAEA7D27CC8AE100C06290 /* DriverResult.swift in Sources */ = {isa = PBXBuildFile; fileRef = 91FAEA7C27CC8AE000C06290 /* DriverResult.swift */; };
		91FAEA7F27CC8BA300C06290 /* DriverResultNetworkManager.swift in Sources */ = {isa = PBXBuildFile; fileRef = 91FAEA7E27CC8BA300C06290 /* DriverResultNetworkManager.swift */; };
/* End PBXBuildFile section */

/* Begin PBXFileReference section */
		91A2051327A05586009E9A6F /* FormulaDriverStats.app */ = {isa = PBXFileReference; explicitFileType = wrapper.application; includeInIndex = 0; path = FormulaDriverStats.app; sourceTree = BUILT_PRODUCTS_DIR; };
		91A2051627A05586009E9A6F /* AppDelegate.swift */ = {isa = PBXFileReference; lastKnownFileType = sourcecode.swift; path = AppDelegate.swift; sourceTree = "<group>"; };
		91A2051827A05586009E9A6F /* SceneDelegate.swift */ = {isa = PBXFileReference; lastKnownFileType = sourcecode.swift; path = SceneDelegate.swift; sourceTree = "<group>"; };
		91A2051F27A05588009E9A6F /* Assets.xcassets */ = {isa = PBXFileReference; lastKnownFileType = folder.assetcatalog; path = Assets.xcassets; sourceTree = "<group>"; };
		91A2052227A05588009E9A6F /* Base */ = {isa = PBXFileReference; lastKnownFileType = file.storyboard; name = Base; path = Base.lproj/LaunchScreen.storyboard; sourceTree = "<group>"; };
		91A2052427A05588009E9A6F /* Info.plist */ = {isa = PBXFileReference; lastKnownFileType = text.plist.xml; name = Info.plist; path = FormulaDriverStats/Info.plist; sourceTree = SOURCE_ROOT; };
		91A2052A27A05D63009E9A6F /* DriverSelectionVC.swift */ = {isa = PBXFileReference; lastKnownFileType = sourcecode.swift; path = DriverSelectionVC.swift; sourceTree = "<group>"; };
		91A2052C27A4EF87009E9A6F /* Driver.swift */ = {isa = PBXFileReference; lastKnownFileType = sourcecode.swift; path = Driver.swift; sourceTree = "<group>"; };
		91A2052E27A4EF93009E9A6F /* Circuit.swift */ = {isa = PBXFileReference; lastKnownFileType = sourcecode.swift; path = Circuit.swift; sourceTree = "<group>"; };
		91A2053027A4EFA4009E9A6F /* Result.swift */ = {isa = PBXFileReference; lastKnownFileType = sourcecode.swift; path = Result.swift; sourceTree = "<group>"; };
		91A2053227A4F7E5009E9A6F /* DriverTableViewCell.swift */ = {isa = PBXFileReference; lastKnownFileType = sourcecode.swift; path = DriverTableViewCell.swift; sourceTree = "<group>"; };
		91FAEA4927ACEA4000C06290 /* DPTitleLabel.swift */ = {isa = PBXFileReference; lastKnownFileType = sourcecode.swift; path = DPTitleLabel.swift; sourceTree = "<group>"; };
		91FAEA4B27ACEC5A00C06290 /* DPNumberLabel.swift */ = {isa = PBXFileReference; lastKnownFileType = sourcecode.swift; path = DPNumberLabel.swift; sourceTree = "<group>"; };
		91FAEA4D27AE1D0900C06290 /* DriverData.swift */ = {isa = PBXFileReference; lastKnownFileType = sourcecode.swift; path = DriverData.swift; sourceTree = "<group>"; };
		91FAEA4F27AE1FE400C06290 /* DriverNetworkManager.swift */ = {isa = PBXFileReference; lastKnownFileType = sourcecode.swift; path = DriverNetworkManager.swift; sourceTree = "<group>"; };
		91FAEA5127AECF2B00C06290 /* DPError.swift */ = {isa = PBXFileReference; lastKnownFileType = sourcecode.swift; path = DPError.swift; sourceTree = "<group>"; };
		91FAEA5327AF9E8100C06290 /* YearSelectionVC.swift */ = {isa = PBXFileReference; lastKnownFileType = sourcecode.swift; path = YearSelectionVC.swift; sourceTree = "<group>"; };
		91FAEA5727B0D1D400C06290 /* UIViewController+Ext.swift */ = {isa = PBXFileReference; lastKnownFileType = sourcecode.swift; path = "UIViewController+Ext.swift"; sourceTree = "<group>"; };
		91FAEA5A27B71F1E00C06290 /* CircuitData.swift */ = {isa = PBXFileReference; lastKnownFileType = sourcecode.swift; path = CircuitData.swift; sourceTree = "<group>"; };
		91FAEA5C27B71F2B00C06290 /* CircuitNetworkManager.swift */ = {isa = PBXFileReference; lastKnownFileType = sourcecode.swift; path = CircuitNetworkManager.swift; sourceTree = "<group>"; };
		91FAEA5E27B727F600C06290 /* CircuitSelectionVC.swift */ = {isa = PBXFileReference; lastKnownFileType = sourcecode.swift; path = CircuitSelectionVC.swift; sourceTree = "<group>"; };
		91FAEA6027B733FB00C06290 /* CircuitTableViewCell.swift */ = {isa = PBXFileReference; lastKnownFileType = sourcecode.swift; path = CircuitTableViewCell.swift; sourceTree = "<group>"; };
		91FAEA6427B74C1400C06290 /* ResultData.swift */ = {isa = PBXFileReference; lastKnownFileType = sourcecode.swift; path = ResultData.swift; sourceTree = "<group>"; };
		91FAEA6627B74C2200C06290 /* ResultNetworkManager.swift */ = {isa = PBXFileReference; lastKnownFileType = sourcecode.swift; path = ResultNetworkManager.swift; sourceTree = "<group>"; };
		91FAEA6827B7505800C06290 /* ResultVC.swift */ = {isa = PBXFileReference; lastKnownFileType = sourcecode.swift; path = ResultVC.swift; sourceTree = "<group>"; };
		91FAEA6A27C0B4CE00C06290 /* ResultTableViewCell.swift */ = {isa = PBXFileReference; lastKnownFileType = sourcecode.swift; path = ResultTableViewCell.swift; sourceTree = "<group>"; };
		91FAEA6C27C2D6FA00C06290 /* DPSubTitleLabel.swift */ = {isa = PBXFileReference; lastKnownFileType = sourcecode.swift; path = DPSubTitleLabel.swift; sourceTree = "<group>"; };
		91FAEA6E27C3228300C06290 /* ResultInfoView.swift */ = {isa = PBXFileReference; lastKnownFileType = sourcecode.swift; path = ResultInfoView.swift; sourceTree = "<group>"; };
		91FAEA7027C439D100C06290 /* PodiumVStackView.swift */ = {isa = PBXFileReference; lastKnownFileType = sourcecode.swift; path = PodiumVStackView.swift; sourceTree = "<group>"; };
		91FAEA7227C4437400C06290 /* PodiumHStackView.swift */ = {isa = PBXFileReference; lastKnownFileType = sourcecode.swift; path = PodiumHStackView.swift; sourceTree = "<group>"; };
		91FAEA7627C4593400C06290 /* DriverResultData.swift */ = {isa = PBXFileReference; lastKnownFileType = sourcecode.swift; path = DriverResultData.swift; sourceTree = "<group>"; };
		91FAEA7827C4A04C00C06290 /* ResultAverageStackView.swift */ = {isa = PBXFileReference; lastKnownFileType = sourcecode.swift; path = ResultAverageStackView.swift; sourceTree = "<group>"; };
		91FAEA7A27CC501F00C06290 /* UIView+Ext.swift */ = {isa = PBXFileReference; lastKnownFileType = sourcecode.swift; path = "UIView+Ext.swift"; sourceTree = "<group>"; };
		91FAEA7C27CC8AE000C06290 /* DriverResult.swift */ = {isa = PBXFileReference; lastKnownFileType = sourcecode.swift; path = DriverResult.swift; sourceTree = "<group>"; };
		91FAEA7E27CC8BA300C06290 /* DriverResultNetworkManager.swift */ = {isa = PBXFileReference; lastKnownFileType = sourcecode.swift; path = DriverResultNetworkManager.swift; sourceTree = "<group>"; };
/* End PBXFileReference section */

/* Begin PBXFrameworksBuildPhase section */
		91A2051027A05586009E9A6F /* Frameworks */ = {
			isa = PBXFrameworksBuildPhase;
			buildActionMask = 2147483647;
			files = (
			);
			runOnlyForDeploymentPostprocessing = 0;
		};
/* End PBXFrameworksBuildPhase section */

/* Begin PBXGroup section */
		91A2050A27A05586009E9A6F = {
			isa = PBXGroup;
			children = (
				91A2051527A05586009E9A6F /* FormulaDriverStats */,
				91A2051427A05586009E9A6F /* Products */,
			);
			sourceTree = "<group>";
		};
		91A2051427A05586009E9A6F /* Products */ = {
			isa = PBXGroup;
			children = (
				91A2051327A05586009E9A6F /* FormulaDriverStats.app */,
			);
			name = Products;
			sourceTree = "<group>";
		};
		91A2051527A05586009E9A6F /* FormulaDriverStats */ = {
			isa = PBXGroup;
			children = (
				91FAEA5927B4D51400C06290 /* Extensions */,
				91FAEA5627B0BD7700C06290 /* Controller */,
				91FAEA5527B0BD6200C06290 /* Model */,
				91FAEA4827ACEA1700C06290 /* View */,
				91A2051627A05586009E9A6F /* AppDelegate.swift */,
				91A2051827A05586009E9A6F /* SceneDelegate.swift */,
				91A2051F27A05588009E9A6F /* Assets.xcassets */,
				91A2052127A05588009E9A6F /* LaunchScreen.storyboard */,
				91A2052427A05588009E9A6F /* Info.plist */,
			);
			path = FormulaDriverStats;
			sourceTree = "<group>";
		};
		91FAEA4827ACEA1700C06290 /* View */ = {
			isa = PBXGroup;
			children = (
				91FAEA4927ACEA4000C06290 /* DPTitleLabel.swift */,
				91FAEA6C27C2D6FA00C06290 /* DPSubTitleLabel.swift */,
				91FAEA4B27ACEC5A00C06290 /* DPNumberLabel.swift */,
				91A2053227A4F7E5009E9A6F /* DriverTableViewCell.swift */,
				91FAEA6A27C0B4CE00C06290 /* ResultTableViewCell.swift */,
				91FAEA6027B733FB00C06290 /* CircuitTableViewCell.swift */,
				91FAEA6E27C3228300C06290 /* ResultInfoView.swift */,
				91FAEA7827C4A04C00C06290 /* ResultAverageStackView.swift */,
				91FAEA7027C439D100C06290 /* PodiumVStackView.swift */,
				91FAEA7227C4437400C06290 /* PodiumHStackView.swift */,
			);
			path = View;
			sourceTree = "<group>";
		};
		91FAEA5527B0BD6200C06290 /* Model */ = {
			isa = PBXGroup;
			children = (
				91A2052C27A4EF87009E9A6F /* Driver.swift */,
				91FAEA4D27AE1D0900C06290 /* DriverData.swift */,
				91FAEA4F27AE1FE400C06290 /* DriverNetworkManager.swift */,
				91A2052E27A4EF93009E9A6F /* Circuit.swift */,
				91FAEA5A27B71F1E00C06290 /* CircuitData.swift */,
				91FAEA5C27B71F2B00C06290 /* CircuitNetworkManager.swift */,
				91A2053027A4EFA4009E9A6F /* Result.swift */,
				91FAEA6427B74C1400C06290 /* ResultData.swift */,
				91FAEA6627B74C2200C06290 /* ResultNetworkManager.swift */,
				91FAEA7C27CC8AE000C06290 /* DriverResult.swift */,
				91FAEA7627C4593400C06290 /* DriverResultData.swift */,
				91FAEA7E27CC8BA300C06290 /* DriverResultNetworkManager.swift */,
				91FAEA5127AECF2B00C06290 /* DPError.swift */,
			);
			path = Model;
			sourceTree = "<group>";
		};
		91FAEA5627B0BD7700C06290 /* Controller */ = {
			isa = PBXGroup;
			children = (
				91A2052A27A05D63009E9A6F /* DriverSelectionVC.swift */,
				91FAEA5327AF9E8100C06290 /* YearSelectionVC.swift */,
				91FAEA5E27B727F600C06290 /* CircuitSelectionVC.swift */,
				91FAEA6827B7505800C06290 /* ResultVC.swift */,
			);
			path = Controller;
			sourceTree = "<group>";
		};
		91FAEA5927B4D51400C06290 /* Extensions */ = {
			isa = PBXGroup;
			children = (
				91FAEA5727B0D1D400C06290 /* UIViewController+Ext.swift */,
				91FAEA7A27CC501F00C06290 /* UIView+Ext.swift */,
			);
			path = Extensions;
			sourceTree = "<group>";
		};
/* End PBXGroup section */

/* Begin PBXNativeTarget section */
		91A2051227A05586009E9A6F /* FormulaDriverStats */ = {
			isa = PBXNativeTarget;
			buildConfigurationList = 91A2052727A05588009E9A6F /* Build configuration list for PBXNativeTarget "FormulaDriverStats" */;
			buildPhases = (
				91A2050F27A05586009E9A6F /* Sources */,
				91A2051027A05586009E9A6F /* Frameworks */,
				91A2051127A05586009E9A6F /* Resources */,
			);
			buildRules = (
			);
			dependencies = (
			);
			name = FormulaDriverStats;
			productName = DriverPerformance;
			productReference = 91A2051327A05586009E9A6F /* FormulaDriverStats.app */;
			productType = "com.apple.product-type.application";
		};
/* End PBXNativeTarget section */

/* Begin PBXProject section */
		91A2050B27A05586009E9A6F /* Project object */ = {
			isa = PBXProject;
			attributes = {
				BuildIndependentTargetsInParallel = 1;
				LastSwiftUpdateCheck = 1320;
				LastUpgradeCheck = 1320;
				TargetAttributes = {
					91A2051227A05586009E9A6F = {
						CreatedOnToolsVersion = 13.2.1;
					};
				};
			};
			buildConfigurationList = 91A2050E27A05586009E9A6F /* Build configuration list for PBXProject "FormulaDriverStats" */;
			compatibilityVersion = "Xcode 13.0";
			developmentRegion = en;
			hasScannedForEncodings = 0;
			knownRegions = (
				en,
				Base,
			);
			mainGroup = 91A2050A27A05586009E9A6F;
			productRefGroup = 91A2051427A05586009E9A6F /* Products */;
			projectDirPath = "";
			projectRoot = "";
			targets = (
				91A2051227A05586009E9A6F /* FormulaDriverStats */,
			);
		};
/* End PBXProject section */

/* Begin PBXResourcesBuildPhase section */
		91A2051127A05586009E9A6F /* Resources */ = {
			isa = PBXResourcesBuildPhase;
			buildActionMask = 2147483647;
			files = (
				91A2052327A05588009E9A6F /* LaunchScreen.storyboard in Resources */,
				91A2052027A05588009E9A6F /* Assets.xcassets in Resources */,
			);
			runOnlyForDeploymentPostprocessing = 0;
		};
/* End PBXResourcesBuildPhase section */

/* Begin PBXSourcesBuildPhase section */
		91A2050F27A05586009E9A6F /* Sources */ = {
			isa = PBXSourcesBuildPhase;
			buildActionMask = 2147483647;
			files = (
				91FAEA6B27C0B4CE00C06290 /* ResultTableViewCell.swift in Sources */,
				91FAEA7327C4437400C06290 /* PodiumHStackView.swift in Sources */,
				91FAEA7127C439D100C06290 /* PodiumVStackView.swift in Sources */,
				91FAEA7F27CC8BA300C06290 /* DriverResultNetworkManager.swift in Sources */,
				91A2053327A4F7E5009E9A6F /* DriverTableViewCell.swift in Sources */,
				91FAEA7B27CC501F00C06290 /* UIView+Ext.swift in Sources */,
				91FAEA5F27B727F600C06290 /* CircuitSelectionVC.swift in Sources */,
				91A2053127A4EFA4009E9A6F /* Result.swift in Sources */,
				91FAEA5827B0D1D400C06290 /* UIViewController+Ext.swift in Sources */,
				91FAEA7727C4593400C06290 /* DriverResultData.swift in Sources */,
				91FAEA6927B7505800C06290 /* ResultVC.swift in Sources */,
				91FAEA5227AECF2B00C06290 /* DPError.swift in Sources */,
				91A2052F27A4EF93009E9A6F /* Circuit.swift in Sources */,
				91FAEA5427AF9E8100C06290 /* YearSelectionVC.swift in Sources */,
				91FAEA6D27C2D6FB00C06290 /* DPSubTitleLabel.swift in Sources */,
				91FAEA4A27ACEA4000C06290 /* DPTitleLabel.swift in Sources */,
				91A2051727A05586009E9A6F /* AppDelegate.swift in Sources */,
				91FAEA4E27AE1D0900C06290 /* DriverData.swift in Sources */,
				91FAEA6F27C3228400C06290 /* ResultInfoView.swift in Sources */,
				91A2051927A05586009E9A6F /* SceneDelegate.swift in Sources */,
				91FAEA7D27CC8AE100C06290 /* DriverResult.swift in Sources */,
				91FAEA4C27ACEC5A00C06290 /* DPNumberLabel.swift in Sources */,
				91A2052B27A05D63009E9A6F /* DriverSelectionVC.swift in Sources */,
				91FAEA5B27B71F1E00C06290 /* CircuitData.swift in Sources */,
				91FAEA5027AE1FE400C06290 /* DriverNetworkManager.swift in Sources */,
				91FAEA5D27B71F2B00C06290 /* CircuitNetworkManager.swift in Sources */,
				91FAEA7927C4A04C00C06290 /* ResultAverageStackView.swift in Sources */,
				91FAEA6527B74C1400C06290 /* ResultData.swift in Sources */,
				91FAEA6727B74C2200C06290 /* ResultNetworkManager.swift in Sources */,
				91A2052D27A4EF87009E9A6F /* Driver.swift in Sources */,
				91FAEA6127B733FB00C06290 /* CircuitTableViewCell.swift in Sources */,
			);
			runOnlyForDeploymentPostprocessing = 0;
		};
/* End PBXSourcesBuildPhase section */

/* Begin PBXVariantGroup section */
		91A2052127A05588009E9A6F /* LaunchScreen.storyboard */ = {
			isa = PBXVariantGroup;
			children = (
				91A2052227A05588009E9A6F /* Base */,
			);
			name = LaunchScreen.storyboard;
			sourceTree = "<group>";
		};
/* End PBXVariantGroup section */

/* Begin XCBuildConfiguration section */
		91A2052527A05588009E9A6F /* Debug */ = {
			isa = XCBuildConfiguration;
			buildSettings = {
				ALWAYS_SEARCH_USER_PATHS = NO;
				CLANG_ANALYZER_NONNULL = YES;
				CLANG_ANALYZER_NUMBER_OBJECT_CONVERSION = YES_AGGRESSIVE;
				CLANG_CXX_LANGUAGE_STANDARD = "gnu++17";
				CLANG_CXX_LIBRARY = "libc++";
				CLANG_ENABLE_MODULES = YES;
				CLANG_ENABLE_OBJC_ARC = YES;
				CLANG_ENABLE_OBJC_WEAK = YES;
				CLANG_WARN_BLOCK_CAPTURE_AUTORELEASING = YES;
				CLANG_WARN_BOOL_CONVERSION = YES;
				CLANG_WARN_COMMA = YES;
				CLANG_WARN_CONSTANT_CONVERSION = YES;
				CLANG_WARN_DEPRECATED_OBJC_IMPLEMENTATIONS = YES;
				CLANG_WARN_DIRECT_OBJC_ISA_USAGE = YES_ERROR;
				CLANG_WARN_DOCUMENTATION_COMMENTS = YES;
				CLANG_WARN_EMPTY_BODY = YES;
				CLANG_WARN_ENUM_CONVERSION = YES;
				CLANG_WARN_INFINITE_RECURSION = YES;
				CLANG_WARN_INT_CONVERSION = YES;
				CLANG_WARN_NON_LITERAL_NULL_CONVERSION = YES;
				CLANG_WARN_OBJC_IMPLICIT_RETAIN_SELF = YES;
				CLANG_WARN_OBJC_LITERAL_CONVERSION = YES;
				CLANG_WARN_OBJC_ROOT_CLASS = YES_ERROR;
				CLANG_WARN_QUOTED_INCLUDE_IN_FRAMEWORK_HEADER = YES;
				CLANG_WARN_RANGE_LOOP_ANALYSIS = YES;
				CLANG_WARN_STRICT_PROTOTYPES = YES;
				CLANG_WARN_SUSPICIOUS_MOVE = YES;
				CLANG_WARN_UNGUARDED_AVAILABILITY = YES_AGGRESSIVE;
				CLANG_WARN_UNREACHABLE_CODE = YES;
				CLANG_WARN__DUPLICATE_METHOD_MATCH = YES;
				COPY_PHASE_STRIP = NO;
				DEBUG_INFORMATION_FORMAT = dwarf;
				ENABLE_STRICT_OBJC_MSGSEND = YES;
				ENABLE_TESTABILITY = YES;
				GCC_C_LANGUAGE_STANDARD = gnu11;
				GCC_DYNAMIC_NO_PIC = NO;
				GCC_NO_COMMON_BLOCKS = YES;
				GCC_OPTIMIZATION_LEVEL = 0;
				GCC_PREPROCESSOR_DEFINITIONS = (
					"DEBUG=1",
					"$(inherited)",
				);
				GCC_WARN_64_TO_32_BIT_CONVERSION = YES;
				GCC_WARN_ABOUT_RETURN_TYPE = YES_ERROR;
				GCC_WARN_UNDECLARED_SELECTOR = YES;
				GCC_WARN_UNINITIALIZED_AUTOS = YES_AGGRESSIVE;
				GCC_WARN_UNUSED_FUNCTION = YES;
				GCC_WARN_UNUSED_VARIABLE = YES;
				INFOPLIST_FILE = FormulaDriverStats/Info.plist;
				IPHONEOS_DEPLOYMENT_TARGET = 15.2;
				MTL_ENABLE_DEBUG_INFO = INCLUDE_SOURCE;
				MTL_FAST_MATH = YES;
				ONLY_ACTIVE_ARCH = YES;
				SDKROOT = iphoneos;
				SWIFT_ACTIVE_COMPILATION_CONDITIONS = DEBUG;
				SWIFT_OPTIMIZATION_LEVEL = "-Onone";
			};
			name = Debug;
		};
		91A2052627A05588009E9A6F /* Release */ = {
			isa = XCBuildConfiguration;
			buildSettings = {
				ALWAYS_SEARCH_USER_PATHS = NO;
				CLANG_ANALYZER_NONNULL = YES;
				CLANG_ANALYZER_NUMBER_OBJECT_CONVERSION = YES_AGGRESSIVE;
				CLANG_CXX_LANGUAGE_STANDARD = "gnu++17";
				CLANG_CXX_LIBRARY = "libc++";
				CLANG_ENABLE_MODULES = YES;
				CLANG_ENABLE_OBJC_ARC = YES;
				CLANG_ENABLE_OBJC_WEAK = YES;
				CLANG_WARN_BLOCK_CAPTURE_AUTORELEASING = YES;
				CLANG_WARN_BOOL_CONVERSION = YES;
				CLANG_WARN_COMMA = YES;
				CLANG_WARN_CONSTANT_CONVERSION = YES;
				CLANG_WARN_DEPRECATED_OBJC_IMPLEMENTATIONS = YES;
				CLANG_WARN_DIRECT_OBJC_ISA_USAGE = YES_ERROR;
				CLANG_WARN_DOCUMENTATION_COMMENTS = YES;
				CLANG_WARN_EMPTY_BODY = YES;
				CLANG_WARN_ENUM_CONVERSION = YES;
				CLANG_WARN_INFINITE_RECURSION = YES;
				CLANG_WARN_INT_CONVERSION = YES;
				CLANG_WARN_NON_LITERAL_NULL_CONVERSION = YES;
				CLANG_WARN_OBJC_IMPLICIT_RETAIN_SELF = YES;
				CLANG_WARN_OBJC_LITERAL_CONVERSION = YES;
				CLANG_WARN_OBJC_ROOT_CLASS = YES_ERROR;
				CLANG_WARN_QUOTED_INCLUDE_IN_FRAMEWORK_HEADER = YES;
				CLANG_WARN_RANGE_LOOP_ANALYSIS = YES;
				CLANG_WARN_STRICT_PROTOTYPES = YES;
				CLANG_WARN_SUSPICIOUS_MOVE = YES;
				CLANG_WARN_UNGUARDED_AVAILABILITY = YES_AGGRESSIVE;
				CLANG_WARN_UNREACHABLE_CODE = YES;
				CLANG_WARN__DUPLICATE_METHOD_MATCH = YES;
				COPY_PHASE_STRIP = NO;
				DEBUG_INFORMATION_FORMAT = "dwarf-with-dsym";
				ENABLE_NS_ASSERTIONS = NO;
				ENABLE_STRICT_OBJC_MSGSEND = YES;
				GCC_C_LANGUAGE_STANDARD = gnu11;
				GCC_NO_COMMON_BLOCKS = YES;
				GCC_WARN_64_TO_32_BIT_CONVERSION = YES;
				GCC_WARN_ABOUT_RETURN_TYPE = YES_ERROR;
				GCC_WARN_UNDECLARED_SELECTOR = YES;
				GCC_WARN_UNINITIALIZED_AUTOS = YES_AGGRESSIVE;
				GCC_WARN_UNUSED_FUNCTION = YES;
				GCC_WARN_UNUSED_VARIABLE = YES;
				INFOPLIST_FILE = FormulaDriverStats/Info.plist;
				IPHONEOS_DEPLOYMENT_TARGET = 15.2;
				MTL_ENABLE_DEBUG_INFO = NO;
				MTL_FAST_MATH = YES;
				SDKROOT = iphoneos;
				SWIFT_COMPILATION_MODE = wholemodule;
				SWIFT_OPTIMIZATION_LEVEL = "-O";
				VALIDATE_PRODUCT = YES;
			};
			name = Release;
		};
		91A2052827A05588009E9A6F /* Debug */ = {
			isa = XCBuildConfiguration;
			buildSettings = {
				ASSETCATALOG_COMPILER_APPICON_NAME = AppIcon;
				ASSETCATALOG_COMPILER_GLOBAL_ACCENT_COLOR_NAME = AccentColor;
				CODE_SIGN_STYLE = Automatic;
				CURRENT_PROJECT_VERSION = 1;
				DEVELOPMENT_TEAM = N6WU2Q99MM;
				GENERATE_INFOPLIST_FILE = YES;
				INFOPLIST_FILE = FormulaDriverStats/Info.plist;
				INFOPLIST_KEY_CFBundleDisplayName = "Driver Stats";
				INFOPLIST_KEY_UIApplicationSupportsIndirectInputEvents = YES;
				INFOPLIST_KEY_UILaunchStoryboardName = LaunchScreen;
				INFOPLIST_KEY_UISupportedInterfaceOrientations = UIInterfaceOrientationPortrait;
				INFOPLIST_KEY_UISupportedInterfaceOrientations_iPad = "UIInterfaceOrientationPortrait UIInterfaceOrientationPortraitUpsideDown UIInterfaceOrientationLandscapeLeft UIInterfaceOrientationLandscapeRight";
				INFOPLIST_KEY_UISupportedInterfaceOrientations_iPhone = "UIInterfaceOrientationPortrait UIInterfaceOrientationLandscapeLeft UIInterfaceOrientationLandscapeRight";
				IPHONEOS_DEPLOYMENT_TARGET = 13.0;
				LD_RUNPATH_SEARCH_PATHS = (
					"$(inherited)",
					"@executable_path/Frameworks",
				);
				MARKETING_VERSION = 1.0;
				PRODUCT_BUNDLE_IDENTIFIER = com.ghosticka.FormulaDriverStats;
				PRODUCT_NAME = "$(TARGET_NAME)";
				SWIFT_EMIT_LOC_STRINGS = YES;
				SWIFT_VERSION = 5.0;
				TARGETED_DEVICE_FAMILY = 1;
			};
			name = Debug;
		};
		91A2052927A05588009E9A6F /* Release */ = {
			isa = XCBuildConfiguration;
			buildSettings = {
				ASSETCATALOG_COMPILER_APPICON_NAME = AppIcon;
				ASSETCATALOG_COMPILER_GLOBAL_ACCENT_COLOR_NAME = AccentColor;
				CODE_SIGN_STYLE = Automatic;
				CURRENT_PROJECT_VERSION = 1;
				DEVELOPMENT_TEAM = N6WU2Q99MM;
				GENERATE_INFOPLIST_FILE = YES;
				INFOPLIST_FILE = FormulaDriverStats/Info.plist;
				INFOPLIST_KEY_CFBundleDisplayName = "Driver Stats";
				INFOPLIST_KEY_UIApplicationSupportsIndirectInputEvents = YES;
				INFOPLIST_KEY_UILaunchStoryboardName = LaunchScreen;
				INFOPLIST_KEY_UISupportedInterfaceOrientations = UIInterfaceOrientationPortrait;
				INFOPLIST_KEY_UISupportedInterfaceOrientations_iPad = "UIInterfaceOrientationPortrait UIInterfaceOrientationPortraitUpsideDown UIInterfaceOrientationLandscapeLeft UIInterfaceOrientationLandscapeRight";
				INFOPLIST_KEY_UISupportedInterfaceOrientations_iPhone = "UIInterfaceOrientationPortrait UIInterfaceOrientationLandscapeLeft UIInterfaceOrientationLandscapeRight";
				IPHONEOS_DEPLOYMENT_TARGET = 13.0;
				LD_RUNPATH_SEARCH_PATHS = (
					"$(inherited)",
					"@executable_path/Frameworks",
				);
				MARKETING_VERSION = 1.0;
				PRODUCT_BUNDLE_IDENTIFIER = com.ghosticka.FormulaDriverStats;
				PRODUCT_NAME = "$(TARGET_NAME)";
				SWIFT_EMIT_LOC_STRINGS = YES;
				SWIFT_VERSION = 5.0;
				TARGETED_DEVICE_FAMILY = 1;
			};
			name = Release;
		};
/* End XCBuildConfiguration section */

/* Begin XCConfigurationList section */
		91A2050E27A05586009E9A6F /* Build configuration list for PBXProject "FormulaDriverStats" */ = {
			isa = XCConfigurationList;
			buildConfigurations = (
				91A2052527A05588009E9A6F /* Debug */,
				91A2052627A05588009E9A6F /* Release */,
			);
			defaultConfigurationIsVisible = 0;
			defaultConfigurationName = Release;
		};
		91A2052727A05588009E9A6F /* Build configuration list for PBXNativeTarget "FormulaDriverStats" */ = {
			isa = XCConfigurationList;
			buildConfigurations = (
				91A2052827A05588009E9A6F /* Debug */,
				91A2052927A05588009E9A6F /* Release */,
			);
			defaultConfigurationIsVisible = 0;
			defaultConfigurationName = Release;
		};
/* End XCConfigurationList section */
	};
	rootObject = 91A2050B27A05586009E9A6F /* Project object */;
}
